
Microsoft Visual Studio Solution File, Format Version 12.00
# Visual Studio 2012
Project("{FAE04EC0-301F-11D3-BF4B-00C04F79EFBC}") = "CoffeeShop", "CoffeeShop\CoffeeShop.csproj", "{0B3DA261-6F2A-4AFE-A2D5-7AD03E898805}"
EndProject
Project("{FAE04EC0-301F-11D3-BF4B-00C04F79EFBC}") = "CoffeeShop.Core", "CoffeeShop.Core\CoffeeShop.Core.csproj", "{2765FF16-35CD-4072-BE4F-417EAE585CE2}"
EndProject
Project("{FAE04EC0-301F-11D3-BF4B-00C04F79EFBC}") = "SubSonic", "SubSonic\SubSonic.csproj", "{EE4A10E7-92C3-4EAC-B6DF-5DA1C26F4D1D}"
EndProject
Global
	GlobalSection(SolutionConfigurationPlatforms) = preSolution
		Debug (SQL Server Only)|Any CPU = Debug (SQL Server Only)|Any CPU
		Debug|Any CPU = Debug|Any CPU
		Release (SQL Server Only)|Any CPU = Release (SQL Server Only)|Any CPU
		Release|Any CPU = Release|Any CPU
	EndGlobalSection
	GlobalSection(ProjectConfigurationPlatforms) = postSolution
		{0B3DA261-6F2A-4AFE-A2D5-7AD03E898805}.Debug (SQL Server Only)|Any CPU.ActiveCfg = Debug|Any CPU
		{0B3DA261-6F2A-4AFE-A2D5-7AD03E898805}.Debug (SQL Server Only)|Any CPU.Build.0 = Debug|Any CPU
		{0B3DA261-6F2A-4AFE-A2D5-7AD03E898805}.Debug|Any CPU.ActiveCfg = Debug|Any CPU
		{0B3DA261-6F2A-4AFE-A2D5-7AD03E898805}.Debug|Any CPU.Build.0 = Debug|Any CPU
		{0B3DA261-6F2A-4AFE-A2D5-7AD03E898805}.Release (SQL Server Only)|Any CPU.ActiveCfg = Release|Any CPU
		{0B3DA261-6F2A-4AFE-A2D5-7AD03E898805}.Release (SQL Server Only)|Any CPU.Build.0 = Release|Any CPU
		{0B3DA261-6F2A-4AFE-A2D5-7AD03E898805}.Release|Any CPU.ActiveCfg = Release|Any CPU
		{0B3DA261-6F2A-4AFE-A2D5-7AD03E898805}.Release|Any CPU.Build.0 = Release|Any CPU
		{2765FF16-35CD-4072-BE4F-417EAE585CE2}.Debug (SQL Server Only)|Any CPU.ActiveCfg = Debug|Any CPU
		{2765FF16-35CD-4072-BE4F-417EAE585CE2}.Debug (SQL Server Only)|Any CPU.Build.0 = Debug|Any CPU
		{2765FF16-35CD-4072-BE4F-417EAE585CE2}.Debug|Any CPU.ActiveCfg = Debug|Any CPU
		{2765FF16-35CD-4072-BE4F-417EAE585CE2}.Debug|Any CPU.Build.0 = Debug|Any CPU
		{2765FF16-35CD-4072-BE4F-417EAE585CE2}.Release (SQL Server Only)|Any CPU.ActiveCfg = Release|Any CPU
		{2765FF16-35CD-4072-BE4F-417EAE585CE2}.Release (SQL Server Only)|Any CPU.Build.0 = Release|Any CPU
		{2765FF16-35CD-4072-BE4F-417EAE585CE2}.Release|Any CPU.ActiveCfg = Release|Any CPU
		{2765FF16-35CD-4072-BE4F-417EAE585CE2}.Release|Any CPU.Build.0 = Release|Any CPU
		{EE4A10E7-92C3-4EAC-B6DF-5DA1C26F4D1D}.Debug (SQL Server Only)|Any CPU.ActiveCfg = Debug (SQL Server Only)|Any CPU
		{EE4A10E7-92C3-4EAC-B6DF-5DA1C26F4D1D}.Debug (SQL Server Only)|Any CPU.Build.0 = Debug (SQL Server Only)|Any CPU
		{EE4A10E7-92C3-4EAC-B6DF-5DA1C26F4D1D}.Debug|Any CPU.ActiveCfg = Debug|Any CPU
		{EE4A10E7-92C3-4EAC-B6DF-5DA1C26F4D1D}.Debug|Any CPU.Build.0 = Debug|Any CPU
		{EE4A10E7-92C3-4EAC-B6DF-5DA1C26F4D1D}.Release (SQL Server Only)|Any CPU.ActiveCfg = Release (SQL Server Only)|Any CPU
		{EE4A10E7-92C3-4EAC-B6DF-5DA1C26F4D1D}.Release (SQL Server Only)|Any CPU.Build.0 = Release (SQL Server Only)|Any CPU
		{EE4A10E7-92C3-4EAC-B6DF-5DA1C26F4D1D}.Release|Any CPU.ActiveCfg = Release|Any CPU
		{EE4A10E7-92C3-4EAC-B6DF-5DA1C26F4D1D}.Release|Any CPU.Build.0 = Release|Any CPU
	EndGlobalSection
	GlobalSection(SolutionProperties) = preSolution
		HideSolutionNode = FALSE
	EndGlobalSection
EndGlobal
